
Microsoft Visual Studio Solution File, Format Version 12.00
# Visual Studio 14
VisualStudioVersion = 14.0.24720.0
MinimumVisualStudioVersion = 10.0.40219.1
Project("{FAE04EC0-301F-11D3-BF4B-00C04F79EFBC}") = "anomalyService", "anomalyService\anomalyService.csproj", "{6A7108EF-012F-4054-9E23-294547B8C241}"
EndProject
Project("{FAE04EC0-301F-11D3-BF4B-00C04F79EFBC}") = "anomalyService.Tests", "anomalyService.Tests\anomalyService.Tests.csproj", "{8139C9A1-96ED-4FAD-8E0D-66F68E1835A9}"
EndProject
Global
	GlobalSection(SolutionConfigurationPlatforms) = preSolution
		Debug|Any CPU = Debug|Any CPU
		Release|Any CPU = Release|Any CPU
	EndGlobalSection
	GlobalSection(ProjectConfigurationPlatforms) = postSolution
		{6A7108EF-012F-4054-9E23-294547B8C241}.Debug|Any CPU.ActiveCfg = Debug|Any CPU
		{6A7108EF-012F-4054-9E23-294547B8C241}.Debug|Any CPU.Build.0 = Debug|Any CPU
		{6A7108EF-012F-4054-9E23-294547B8C241}.Release|Any CPU.ActiveCfg = Release|Any CPU
		{6A7108EF-012F-4054-9E23-294547B8C241}.Release|Any CPU.Build.0 = Release|Any CPU
		{8139C9A1-96ED-4FAD-8E0D-66F68E1835A9}.Debug|Any CPU.ActiveCfg = Debug|Any CPU
		{8139C9A1-96ED-4FAD-8E0D-66F68E1835A9}.Debug|Any CPU.Build.0 = Debug|Any CPU
		{8139C9A1-96ED-4FAD-8E0D-66F68E1835A9}.Release|Any CPU.ActiveCfg = Release|Any CPU
		{8139C9A1-96ED-4FAD-8E0D-66F68E1835A9}.Release|Any CPU.Build.0 = Release|Any CPU
	EndGlobalSection
	GlobalSection(SolutionProperties) = preSolution
		HideSolutionNode = FALSE
	EndGlobalSection
EndGlobal
